// !$*UTF8*$!
{
	archiveVersion = 1;
	classes = {
	};
	objectVersion = 51;
	objects = {

/* Begin PBXBuildFile section */
		2F767E5F24EE9AE0002F03FD /* AppDelegate.swift in Sources */ = {isa = PBXBuildFile; fileRef = 2F767E5E24EE9AE0002F03FD /* AppDelegate.swift */; };
		2F767E6824EE9AE0002F03FD /* Assets.xcassets in Resources */ = {isa = PBXBuildFile; fileRef = 2F767E6724EE9AE0002F03FD /* Assets.xcassets */; };
		2F767E6B24EE9AE0002F03FD /* LaunchScreen.storyboard in Resources */ = {isa = PBXBuildFile; fileRef = 2F767E6924EE9AE0002F03FD /* LaunchScreen.storyboard */; };
		2F767E7324EE9C6D002F03FD /* RanWordsViewController.swift in Sources */ = {isa = PBXBuildFile; fileRef = 2F767E7224EE9C6D002F03FD /* RanWordsViewController.swift */; };
		2F767E7724EEA24C002F03FD /* RanNumsViewController.swift in Sources */ = {isa = PBXBuildFile; fileRef = 2F767E7624EEA24C002F03FD /* RanNumsViewController.swift */; };
		2F767E7924EEBAD8002F03FD /* extendsion.swift in Sources */ = {isa = PBXBuildFile; fileRef = 2F767E7824EEBAD8002F03FD /* extendsion.swift */; };
		90FCF922915655965AF15CEC /* Pods_RandomAnswer.framework in Frameworks */ = {isa = PBXBuildFile; fileRef = 0C994F23CC2CF99DC08ECCC7 /* Pods_RandomAnswer.framework */; };
/* End PBXBuildFile section */

/* Begin PBXFileReference section */
		0C994F23CC2CF99DC08ECCC7 /* Pods_RandomAnswer.framework */ = {isa = PBXFileReference; explicitFileType = wrapper.framework; includeInIndex = 0; path = Pods_RandomAnswer.framework; sourceTree = BUILT_PRODUCTS_DIR; };
		2F767E5B24EE9AE0002F03FD /* RandomAnswer.app */ = {isa = PBXFileReference; explicitFileType = wrapper.application; includeInIndex = 0; path = RandomAnswer.app; sourceTree = BUILT_PRODUCTS_DIR; };
		2F767E5E24EE9AE0002F03FD /* AppDelegate.swift */ = {isa = PBXFileReference; lastKnownFileType = sourcecode.swift; path = AppDelegate.swift; sourceTree = "<group>"; };
		2F767E6724EE9AE0002F03FD /* Assets.xcassets */ = {isa = PBXFileReference; lastKnownFileType = folder.assetcatalog; path = Assets.xcassets; sourceTree = "<group>"; };
		2F767E6A24EE9AE0002F03FD /* Base */ = {isa = PBXFileReference; lastKnownFileType = file.storyboard; name = Base; path = Base.lproj/LaunchScreen.storyboard; sourceTree = "<group>"; };
		2F767E6C24EE9AE0002F03FD /* Info.plist */ = {isa = PBXFileReference; lastKnownFileType = text.plist.xml; path = Info.plist; sourceTree = "<group>"; };
		2F767E7224EE9C6D002F03FD /* RanWordsViewController.swift */ = {isa = PBXFileReference; lastKnownFileType = sourcecode.swift; path = RanWordsViewController.swift; sourceTree = "<group>"; };
		2F767E7624EEA24C002F03FD /* RanNumsViewController.swift */ = {isa = PBXFileReference; lastKnownFileType = sourcecode.swift; path = RanNumsViewController.swift; sourceTree = "<group>"; };
		2F767E7824EEBAD8002F03FD /* extendsion.swift */ = {isa = PBXFileReference; lastKnownFileType = sourcecode.swift; path = extendsion.swift; sourceTree = "<group>"; };
		8BAEE47E1DB8022A4DD5A793 /* Pods-RandomAnswer.release.xcconfig */ = {isa = PBXFileReference; includeInIndex = 1; lastKnownFileType = text.xcconfig; name = "Pods-RandomAnswer.release.xcconfig"; path = "Target Support Files/Pods-RandomAnswer/Pods-RandomAnswer.release.xcconfig"; sourceTree = "<group>"; };
		BFBEF45B3596648534E227AA /* Pods-RandomAnswer.debug.xcconfig */ = {isa = PBXFileReference; includeInIndex = 1; lastKnownFileType = text.xcconfig; name = "Pods-RandomAnswer.debug.xcconfig"; path = "Target Support Files/Pods-RandomAnswer/Pods-RandomAnswer.debug.xcconfig"; sourceTree = "<group>"; };
/* End PBXFileReference section */

/* Begin PBXFrameworksBuildPhase section */
		2F767E5824EE9AE0002F03FD /* Frameworks */ = {
			isa = PBXFrameworksBuildPhase;
			buildActionMask = 2147483647;
			files = (
				90FCF922915655965AF15CEC /* Pods_RandomAnswer.framework in Frameworks */,
			);
			runOnlyForDeploymentPostprocessing = 0;
		};
/* End PBXFrameworksBuildPhase section */

/* Begin PBXGroup section */
		2CAC7E0D47FDDDDFC0EE1F36 /* Pods */ = {
			isa = PBXGroup;
			children = (
				BFBEF45B3596648534E227AA /* Pods-RandomAnswer.debug.xcconfig */,
				8BAEE47E1DB8022A4DD5A793 /* Pods-RandomAnswer.release.xcconfig */,
			);
			path = Pods;
			sourceTree = "<group>";
		};
		2F767E5224EE9AE0002F03FD = {
			isa = PBXGroup;
			children = (
				2F767E5D24EE9AE0002F03FD /* RandomAnswer */,
				2F767E5C24EE9AE0002F03FD /* Products */,
				2CAC7E0D47FDDDDFC0EE1F36 /* Pods */,
				A37A51EE1CFAA6C9FACBC97D /* Frameworks */,
			);
			sourceTree = "<group>";
		};
		2F767E5C24EE9AE0002F03FD /* Products */ = {
			isa = PBXGroup;
			children = (
				2F767E5B24EE9AE0002F03FD /* RandomAnswer.app */,
			);
			name = Products;
			sourceTree = "<group>";
		};
		2F767E5D24EE9AE0002F03FD /* RandomAnswer */ = {
			isa = PBXGroup;
			children = (
				2F767E5E24EE9AE0002F03FD /* AppDelegate.swift */,
				2F767E7824EEBAD8002F03FD /* extendsion.swift */,
				2F767E7224EE9C6D002F03FD /* RanWordsViewController.swift */,
				2F767E7624EEA24C002F03FD /* RanNumsViewController.swift */,
				2F767E6724EE9AE0002F03FD /* Assets.xcassets */,
				2F767E6924EE9AE0002F03FD /* LaunchScreen.storyboard */,
				2F767E6C24EE9AE0002F03FD /* Info.plist */,
			);
			path = RandomAnswer;
			sourceTree = "<group>";
		};
		A37A51EE1CFAA6C9FACBC97D /* Frameworks */ = {
			isa = PBXGroup;
			children = (
				0C994F23CC2CF99DC08ECCC7 /* Pods_RandomAnswer.framework */,
			);
			name = Frameworks;
			sourceTree = "<group>";
		};
/* End PBXGroup section */

/* Begin PBXNativeTarget section */
		2F767E5A24EE9AE0002F03FD /* RandomAnswer */ = {
			isa = PBXNativeTarget;
			buildConfigurationList = 2F767E6F24EE9AE0002F03FD /* Build configuration list for PBXNativeTarget "RandomAnswer" */;
			buildPhases = (
				8398B3463BD12A0F04E42541 /* [CP] Check Pods Manifest.lock */,
				2F767E5724EE9AE0002F03FD /* Sources */,
				2F767E5824EE9AE0002F03FD /* Frameworks */,
				2F767E5924EE9AE0002F03FD /* Resources */,
				9A08D1BF5C84875AD6EB2D7E /* [CP] Embed Pods Frameworks */,
			);
			buildRules = (
			);
			dependencies = (
			);
			name = RandomAnswer;
			productName = RandomAnswer;
			productReference = 2F767E5B24EE9AE0002F03FD /* RandomAnswer.app */;
			productType = "com.apple.product-type.application";
		};
/* End PBXNativeTarget section */

/* Begin PBXProject section */
		2F767E5324EE9AE0002F03FD /* Project object */ = {
			isa = PBXProject;
			attributes = {
				LastSwiftUpdateCheck = 1120;
				LastUpgradeCheck = 1120;
				ORGANIZATIONNAME = VSHR;
				TargetAttributes = {
					2F767E5A24EE9AE0002F03FD = {
						CreatedOnToolsVersion = 11.2.1;
					};
				};
			};
			buildConfigurationList = 2F767E5624EE9AE0002F03FD /* Build configuration list for PBXProject "RandomAnswer" */;
			compatibilityVersion = "Xcode 9.3";
			developmentRegion = en;
			hasScannedForEncodings = 0;
			knownRegions = (
				en,
				Base,
			);
			mainGroup = 2F767E5224EE9AE0002F03FD;
			productRefGroup = 2F767E5C24EE9AE0002F03FD /* Products */;
			projectDirPath = "";
			projectRoot = "";
			targets = (
				2F767E5A24EE9AE0002F03FD /* RandomAnswer */,
			);
		};
/* End PBXProject section */

/* Begin PBXResourcesBuildPhase section */
		2F767E5924EE9AE0002F03FD /* Resources */ = {
			isa = PBXResourcesBuildPhase;
			buildActionMask = 2147483647;
			files = (
				2F767E6B24EE9AE0002F03FD /* LaunchScreen.storyboard in Resources */,
				2F767E6824EE9AE0002F03FD /* Assets.xcassets in Resources */,
			);
			runOnlyForDeploymentPostprocessing = 0;
		};
/* End PBXResourcesBuildPhase section */

/* Begin PBXShellScriptBuildPhase section */
		8398B3463BD12A0F04E42541 /* [CP] Check Pods Manifest.lock */ = {
			isa = PBXShellScriptBuildPhase;
			buildActionMask = 2147483647;
			files = (
			);
			inputFileListPaths = (
			);
			inputPaths = (
				"${PODS_PODFILE_DIR_PATH}/Podfile.lock",
				"${PODS_ROOT}/Manifest.lock",
			);
			name = "[CP] Check Pods Manifest.lock";
			outputFileListPaths = (
			);
			outputPaths = (
				"$(DERIVED_FILE_DIR)/Pods-RandomAnswer-checkManifestLockResult.txt",
			);
			runOnlyForDeploymentPostprocessing = 0;
			shellPath = /bin/sh;
			shellScript = "diff \"${PODS_PODFILE_DIR_PATH}/Podfile.lock\" \"${PODS_ROOT}/Manifest.lock\" > /dev/null\nif [ $? != 0 ] ; then\n    # print error to STDERR\n    echo \"error: The sandbox is not in sync with the Podfile.lock. Run 'pod install' or update your CocoaPods installation.\" >&2\n    exit 1\nfi\n# This output is used by Xcode 'outputs' to avoid re-running this script phase.\necho \"SUCCESS\" > \"${SCRIPT_OUTPUT_FILE_0}\"\n";
			showEnvVarsInLog = 0;
		};
		9A08D1BF5C84875AD6EB2D7E /* [CP] Embed Pods Frameworks */ = {
			isa = PBXShellScriptBuildPhase;
			buildActionMask = 2147483647;
			files = (
			);
			inputFileListPaths = (
				"${PODS_ROOT}/Target Support Files/Pods-RandomAnswer/Pods-RandomAnswer-frameworks-${CONFIGURATION}-input-files.xcfilelist",
			);
			name = "[CP] Embed Pods Frameworks";
			outputFileListPaths = (
				"${PODS_ROOT}/Target Support Files/Pods-RandomAnswer/Pods-RandomAnswer-frameworks-${CONFIGURATION}-output-files.xcfilelist",
			);
			runOnlyForDeploymentPostprocessing = 0;
			shellPath = /bin/sh;
			shellScript = "\"${PODS_ROOT}/Target Support Files/Pods-RandomAnswer/Pods-RandomAnswer-frameworks.sh\"\n";
			showEnvVarsInLog = 0;
		};
/* End PBXShellScriptBuildPhase section */

/* Begin PBXSourcesBuildPhase section */
		2F767E5724EE9AE0002F03FD /* Sources */ = {
			isa = PBXSourcesBuildPhase;
			buildActionMask = 2147483647;
			files = (
				2F767E7924EEBAD8002F03FD /* extendsion.swift in Sources */,
				2F767E7724EEA24C002F03FD /* RanNumsViewController.swift in Sources */,
				2F767E7324EE9C6D002F03FD /* RanWordsViewController.swift in Sources */,
				2F767E5F24EE9AE0002F03FD /* AppDelegate.swift in Sources */,
			);
			runOnlyForDeploymentPostprocessing = 0;
		};
/* End PBXSourcesBuildPhase section */

/* Begin PBXVariantGroup section */
		2F767E6924EE9AE0002F03FD /* LaunchScreen.storyboard */ = {
			isa = PBXVariantGroup;
			children = (
				2F767E6A24EE9AE0002F03FD /* Base */,
			);
			name = LaunchScreen.storyboard;
			sourceTree = "<group>";
		};
/* End PBXVariantGroup section */

/* Begin XCBuildConfiguration section */
		2F767E6D24EE9AE0002F03FD /* Debug */ = {
			isa = XCBuildConfiguration;
			buildSettings = {
				ALWAYS_SEARCH_USER_PATHS = NO;
				CLANG_ANALYZER_NONNULL = YES;
				CLANG_ANALYZER_NUMBER_OBJECT_CONVERSION = YES_AGGRESSIVE;
				CLANG_CXX_LANGUAGE_STANDARD = "gnu++14";
				CLANG_CXX_LIBRARY = "libc++";
				CLANG_ENABLE_MODULES = YES;
				CLANG_ENABLE_OBJC_ARC = YES;
				CLANG_ENABLE_OBJC_WEAK = YES;
				CLANG_WARN_BLOCK_CAPTURE_AUTORELEASING = YES;
				CLANG_WARN_BOOL_CONVERSION = YES;
				CLANG_WARN_COMMA = YES;
				CLANG_WARN_CONSTANT_CONVERSION = YES;
				CLANG_WARN_DEPRECATED_OBJC_IMPLEMENTATIONS = YES;
				CLANG_WARN_DIRECT_OBJC_ISA_USAGE = YES_ERROR;
				CLANG_WARN_DOCUMENTATION_COMMENTS = YES;
				CLANG_WARN_EMPTY_BODY = YES;
				CLANG_WARN_ENUM_CONVERSION = YES;
				CLANG_WARN_INFINITE_RECURSION = YES;
				CLANG_WARN_INT_CONVERSION = YES;
				CLANG_WARN_NON_LITERAL_NULL_CONVERSION = YES;
				CLANG_WARN_OBJC_IMPLICIT_RETAIN_SELF = YES;
				CLANG_WARN_OBJC_LITERAL_CONVERSION = YES;
				CLANG_WARN_OBJC_ROOT_CLASS = YES_ERROR;
				CLANG_WARN_RANGE_LOOP_ANALYSIS = YES;
				CLANG_WARN_STRICT_PROTOTYPES = YES;
				CLANG_WARN_SUSPICIOUS_MOVE = YES;
				CLANG_WARN_UNGUARDED_AVAILABILITY = YES_AGGRESSIVE;
				CLANG_WARN_UNREACHABLE_CODE = YES;
				CLANG_WARN__DUPLICATE_METHOD_MATCH = YES;
				COPY_PHASE_STRIP = NO;
				DEBUG_INFORMATION_FORMAT = dwarf;
				ENABLE_STRICT_OBJC_MSGSEND = YES;
				ENABLE_TESTABILITY = YES;
				GCC_C_LANGUAGE_STANDARD = gnu11;
				GCC_DYNAMIC_NO_PIC = NO;
				GCC_NO_COMMON_BLOCKS = YES;
				GCC_OPTIMIZATION_LEVEL = 0;
				GCC_PREPROCESSOR_DEFINITIONS = (
					"DEBUG=1",
					"$(inherited)",
				);
				GCC_WARN_64_TO_32_BIT_CONVERSION = YES;
				GCC_WARN_ABOUT_RETURN_TYPE = YES_ERROR;
				GCC_WARN_UNDECLARED_SELECTOR = YES;
				GCC_WARN_UNINITIALIZED_AUTOS = YES_AGGRESSIVE;
				GCC_WARN_UNUSED_FUNCTION = YES;
				GCC_WARN_UNUSED_VARIABLE = YES;
				IPHONEOS_DEPLOYMENT_TARGET = 11.0;
				MTL_ENABLE_DEBUG_INFO = INCLUDE_SOURCE;
				MTL_FAST_MATH = YES;
				ONLY_ACTIVE_ARCH = YES;
				SDKROOT = iphoneos;
				SWIFT_ACTIVE_COMPILATION_CONDITIONS = DEBUG;
				SWIFT_OPTIMIZATION_LEVEL = "-Onone";
			};
			name = Debug;
		};
		2F767E6E24EE9AE0002F03FD /* Release */ = {
			isa = XCBuildConfiguration;
			buildSettings = {
				ALWAYS_SEARCH_USER_PATHS = NO;
				CLANG_ANALYZER_NONNULL = YES;
				CLANG_ANALYZER_NUMBER_OBJECT_CONVERSION = YES_AGGRESSIVE;
				CLANG_CXX_LANGUAGE_STANDARD = "gnu++14";
				CLANG_CXX_LIBRARY = "libc++";
				CLANG_ENABLE_MODULES = YES;
				CLANG_ENABLE_OBJC_ARC = YES;
				CLANG_ENABLE_OBJC_WEAK = YES;
				CLANG_WARN_BLOCK_CAPTURE_AUTORELEASING = YES;
				CLANG_WARN_BOOL_CONVERSION = YES;
				CLANG_WARN_COMMA = YES;
				CLANG_WARN_CONSTANT_CONVERSION = YES;
				CLANG_WARN_DEPRECATED_OBJC_IMPLEMENTATIONS = YES;
				CLANG_WARN_DIRECT_OBJC_ISA_USAGE = YES_ERROR;
				CLANG_WARN_DOCUMENTATION_COMMENTS = YES;
				CLANG_WARN_EMPTY_BODY = YES;
				CLANG_WARN_ENUM_CONVERSION = YES;
				CLANG_WARN_INFINITE_RECURSION = YES;
				CLANG_WARN_INT_CONVERSION = YES;
				CLANG_WARN_NON_LITERAL_NULL_CONVERSION = YES;
				CLANG_WARN_OBJC_IMPLICIT_RETAIN_SELF = YES;
				CLANG_WARN_OBJC_LITERAL_CONVERSION = YES;
				CLANG_WARN_OBJC_ROOT_CLASS = YES_ERROR;
				CLANG_WARN_RANGE_LOOP_ANALYSIS = YES;
				CLANG_WARN_STRICT_PROTOTYPES = YES;
				CLANG_WARN_SUSPICIOUS_MOVE = YES;
				CLANG_WARN_UNGUARDED_AVAILABILITY = YES_AGGRESSIVE;
				CLANG_WARN_UNREACHABLE_CODE = YES;
				CLANG_WARN__DUPLICATE_METHOD_MATCH = YES;
				COPY_PHASE_STRIP = NO;
				DEBUG_INFORMATION_FORMAT = "dwarf-with-dsym";
				ENABLE_NS_ASSERTIONS = NO;
				ENABLE_STRICT_OBJC_MSGSEND = YES;
				GCC_C_LANGUAGE_STANDARD = gnu11;
				GCC_NO_COMMON_BLOCKS = YES;
				GCC_WARN_64_TO_32_BIT_CONVERSION = YES;
				GCC_WARN_ABOUT_RETURN_TYPE = YES_ERROR;
				GCC_WARN_UNDECLARED_SELECTOR = YES;
				GCC_WARN_UNINITIALIZED_AUTOS = YES_AGGRESSIVE;
				GCC_WARN_UNUSED_FUNCTION = YES;
				GCC_WARN_UNUSED_VARIABLE = YES;
				IPHONEOS_DEPLOYMENT_TARGET = 11.0;
				MTL_ENABLE_DEBUG_INFO = NO;
				MTL_FAST_MATH = YES;
				SDKROOT = iphoneos;
				SWIFT_COMPILATION_MODE = wholemodule;
				SWIFT_OPTIMIZATION_LEVEL = "-O";
				VALIDATE_PRODUCT = YES;
			};
			name = Release;
		};
		2F767E7024EE9AE0002F03FD /* Debug */ = {
			isa = XCBuildConfiguration;
			baseConfigurationReference = BFBEF45B3596648534E227AA /* Pods-RandomAnswer.debug.xcconfig */;
			buildSettings = {
				ASSETCATALOG_COMPILER_APPICON_NAME = AppIcon;
				CODE_SIGN_IDENTITY = "Apple Development";
				CODE_SIGN_STYLE = Automatic;
				DEVELOPMENT_TEAM = 73YYV5Y2WD;
				INFOPLIST_FILE = RandomAnswer/Info.plist;
				IPHONEOS_DEPLOYMENT_TARGET = 11.0;
				LD_RUNPATH_SEARCH_PATHS = (
					"$(inherited)",
					"@executable_path/Frameworks",
				);
				PRODUCT_BUNDLE_IDENTIFIER = VSHR.RandomAnswer;
				PRODUCT_NAME = "$(TARGET_NAME)";
				PROVISIONING_PROFILE_SPECIFIER = "";
				SWIFT_VERSION = 5.0;
				TARGETED_DEVICE_FAMILY = "1,2";
			};
			name = Debug;
		};
		2F767E7124EE9AE0002F03FD /* Release */ = {
			isa = XCBuildConfiguration;
			baseConfigurationReference = 8BAEE47E1DB8022A4DD5A793 /* Pods-RandomAnswer.release.xcconfig */;
			buildSettings = {
				ASSETCATALOG_COMPILER_APPICON_NAME = AppIcon;
				CODE_SIGN_IDENTITY = "Apple Development";
				CODE_SIGN_STYLE = Automatic;
				DEVELOPMENT_TEAM = 73YYV5Y2WD;
				INFOPLIST_FILE = RandomAnswer/Info.plist;
				IPHONEOS_DEPLOYMENT_TARGET = 11.0;
				LD_RUNPATH_SEARCH_PATHS = (
					"$(inherited)",
					"@executable_path/Frameworks",
				);
				PRODUCT_BUNDLE_IDENTIFIER = VSHR.RandomAnswer;
				PRODUCT_NAME = "$(TARGET_NAME)";
				PROVISIONING_PROFILE_SPECIFIER = "";
				SWIFT_VERSION = 5.0;
				TARGETED_DEVICE_FAMILY = "1,2";
			};
			name = Release;
		};
/* End XCBuildConfiguration section */

/* Begin XCConfigurationList section */
		2F767E5624EE9AE0002F03FD /* Build configuration list for PBXProject "RandomAnswer" */ = {
			isa = XCConfigurationList;
			buildConfigurations = (
				2F767E6D24EE9AE0002F03FD /* Debug */,
				2F767E6E24EE9AE0002F03FD /* Release */,
			);
			defaultConfigurationIsVisible = 0;
			defaultConfigurationName = Release;
		};
		2F767E6F24EE9AE0002F03FD /* Build configuration list for PBXNativeTarget "RandomAnswer" */ = {
			isa = XCConfigurationList;
			buildConfigurations = (
				2F767E7024EE9AE0002F03FD /* Debug */,
				2F767E7124EE9AE0002F03FD /* Release */,
			);
			defaultConfigurationIsVisible = 0;
			defaultConfigurationName = Release;
		};
/* End XCConfigurationList section */
	};
	rootObject = 2F767E5324EE9AE0002F03FD /* Project object */;
}
